Microsoft Visual Studio Solution File, Format Version 12.00
# Visual Studio Version 17
VisualStudioVersion = 17.5.2.0
MinimumVisualStudioVersion = 10.0.40219.1
Project("{FAE04EC0-301F-11D3-BF4B-00C04F79EFBC}") = "lab", "lab\lab.csproj", "{8167B33E-D4A6-0432-CEC4-B3B1F80245EE}"
EndProject
Global
	GlobalSection(SolutionConfigurationPlatforms) = preSolution
		Debug|Any CPU = Debug|Any CPU
		Release|Any CPU = Release|Any CPU
	EndGlobalSection
	GlobalSection(ProjectConfigurationPlatforms) = postSolution
		{8167B33E-D4A6-0432-CEC4-B3B1F80245EE}.Debug|Any CPU.ActiveCfg = Debug|Any CPU
		{8167B33E-D4A6-0432-CEC4-B3B1F80245EE}.Debug|Any CPU.Build.0 = Debug|Any CPU
		{8167B33E-D4A6-0432-CEC4-B3B1F80245EE}.Release|Any CPU.ActiveCfg = Release|Any CPU
		{8167B33E-D4A6-0432-CEC4-B3B1F80245EE}.Release|Any CPU.Build.0 = Release|Any CPU
	EndGlobalSection
	GlobalSection(SolutionProperties) = preSolution
		HideSolutionNode = FALSE
	EndGlobalSection
	GlobalSection(ExtensibilityGlobals) = postSolution
		SolutionGuid = {4B3F05D5-EF93-45A9-A8B6-7E9B4C2E8601}
	EndGlobalSection
EndGlobal
